
Microsoft Visual Studio Solution File, Format Version 12.00
# Visual Studio Version 17
VisualStudioVersion = 17.14.36705.20
MinimumVisualStudioVersion = 10.0.40219.1
Project("{FAE04EC0-301F-11D3-BF4B-00C04F79EFBC}") = "SchoolManagement", "SchoolManagement\SchoolManagement.csproj", "{872DCD3F-19B2-4715-8F13-3456494B8E8B}"
EndProject
Project("{FAE04EC0-301F-11D3-BF4B-00C04F79EFBC}") = "School.Core", "School.Core\School.Core.csproj", "{377963FF-207F-485F-BD4D-F1C3A3A1A55C}"
EndProject
Project("{FAE04EC0-301F-11D3-BF4B-00C04F79EFBC}") = "School.Data", "School.Data\School.Data.csproj", "{72744DAA-11EF-4AC2-940D-A8ED2B03B52B}"
EndProject
Project("{FAE04EC0-301F-11D3-BF4B-00C04F79EFBC}") = "School.Services", "School.Services\School.Services.csproj", "{6B057A20-7F0A-48FC-B14E-E90CAC6FC83A}"
EndProject
Global
	GlobalSection(SolutionConfigurationPlatforms) = preSolution
		Debug|Any CPU = Debug|Any CPU
		Debug|x64 = Debug|x64
		Debug|x86 = Debug|x86
		Release|Any CPU = Release|Any CPU
		Release|x64 = Release|x64
		Release|x86 = Release|x86
	EndGlobalSection
	GlobalSection(ProjectConfigurationPlatforms) = postSolution
		{872DCD3F-19B2-4715-8F13-3456494B8E8B}.Debug|Any CPU.ActiveCfg = Debug|Any CPU
		{872DCD3F-19B2-4715-8F13-3456494B8E8B}.Debug|Any CPU.Build.0 = Debug|Any CPU
		{872DCD3F-19B2-4715-8F13-3456494B8E8B}.Debug|x64.ActiveCfg = Debug|Any CPU
		{872DCD3F-19B2-4715-8F13-3456494B8E8B}.Debug|x64.Build.0 = Debug|Any CPU
		{872DCD3F-19B2-4715-8F13-3456494B8E8B}.Debug|x86.ActiveCfg = Debug|Any CPU
		{872DCD3F-19B2-4715-8F13-3456494B8E8B}.Debug|x86.Build.0 = Debug|Any CPU
		{872DCD3F-19B2-4715-8F13-3456494B8E8B}.Release|Any CPU.ActiveCfg = Release|Any CPU
		{872DCD3F-19B2-4715-8F13-3456494B8E8B}.Release|Any CPU.Build.0 = Release|Any CPU
		{872DCD3F-19B2-4715-8F13-3456494B8E8B}.Release|x64.ActiveCfg = Release|Any CPU
		{872DCD3F-19B2-4715-8F13-3456494B8E8B}.Release|x64.Build.0 = Release|Any CPU
		{872DCD3F-19B2-4715-8F13-3456494B8E8B}.Release|x86.ActiveCfg = Release|Any CPU
		{872DCD3F-19B2-4715-8F13-3456494B8E8B}.Release|x86.Build.0 = Release|Any CPU
		{377963FF-207F-485F-BD4D-F1C3A3A1A55C}.Debug|Any CPU.ActiveCfg = Debug|Any CPU
		{377963FF-207F-485F-BD4D-F1C3A3A1A55C}.Debug|Any CPU.Build.0 = Debug|Any CPU
		{377963FF-207F-485F-BD4D-F1C3A3A1A55C}.Debug|x64.ActiveCfg = Debug|Any CPU
		{377963FF-207F-485F-BD4D-F1C3A3A1A55C}.Debug|x64.Build.0 = Debug|Any CPU
		{377963FF-207F-485F-BD4D-F1C3A3A1A55C}.Debug|x86.ActiveCfg = Debug|Any CPU
		{377963FF-207F-485F-BD4D-F1C3A3A1A55C}.Debug|x86.Build.0 = Debug|Any CPU
		{377963FF-207F-485F-BD4D-F1C3A3A1A55C}.Release|Any CPU.ActiveCfg = Release|Any CPU
		{377963FF-207F-485F-BD4D-F1C3A3A1A55C}.Release|Any CPU.Build.0 = Release|Any CPU
		{377963FF-207F-485F-BD4D-F1C3A3A1A55C}.Release|x64.ActiveCfg = Release|Any CPU
		{377963FF-207F-485F-BD4D-F1C3A3A1A55C}.Release|x64.Build.0 = Release|Any CPU
		{377963FF-207F-485F-BD4D-F1C3A3A1A55C}.Release|x86.ActiveCfg = Release|Any CPU
		{377963FF-207F-485F-BD4D-F1C3A3A1A55C}.Release|x86.Build.0 = Release|Any CPU
		{72744DAA-11EF-4AC2-940D-A8ED2B03B52B}.Debug|Any CPU.ActiveCfg = Debug|Any CPU
		{72744DAA-11EF-4AC2-940D-A8ED2B03B52B}.Debug|Any CPU.Build.0 = Debug|Any CPU
		{72744DAA-11EF-4AC2-940D-A8ED2B03B52B}.Debug|x64.ActiveCfg = Debug|Any CPU
		{72744DAA-11EF-4AC2-940D-A8ED2B03B52B}.Debug|x64.Build.0 = Debug|Any CPU
		{72744DAA-11EF-4AC2-940D-A8ED2B03B52B}.Debug|x86.ActiveCfg = Debug|Any CPU
		{72744DAA-11EF-4AC2-940D-A8ED2B03B52B}.Debug|x86.Build.0 = Debug|Any CPU
		{72744DAA-11EF-4AC2-940D-A8ED2B03B52B}.Release|Any CPU.ActiveCfg = Release|Any CPU
		{72744DAA-11EF-4AC2-940D-A8ED2B03B52B}.Release|Any CPU.Build.0 = Release|Any CPU
		{72744DAA-11EF-4AC2-940D-A8ED2B03B52B}.Release|x64.ActiveCfg = Release|Any CPU
		{72744DAA-11EF-4AC2-940D-A8ED2B03B52B}.Release|x64.Build.0 = Release|Any CPU
		{72744DAA-11EF-4AC2-940D-A8ED2B03B52B}.Release|x86.ActiveCfg = Release|Any CPU
		{72744DAA-11EF-4AC2-940D-A8ED2B03B52B}.Release|x86.Build.0 = Release|Any CPU
		{6B057A20-7F0A-48FC-B14E-E90CAC6FC83A}.Debug|Any CPU.ActiveCfg = Debug|Any CPU
		{6B057A20-7F0A-48FC-B14E-E90CAC6FC83A}.Debug|Any CPU.Build.0 = Debug|Any CPU
		{6B057A20-7F0A-48FC-B14E-E90CAC6FC83A}.Debug|x64.ActiveCfg = Debug|Any CPU
		{6B057A20-7F0A-48FC-B14E-E90CAC6FC83A}.Debug|x64.Build.0 = Debug|Any CPU
		{6B057A20-7F0A-48FC-B14E-E90CAC6FC83A}.Debug|x86.ActiveCfg = Debug|Any CPU
		{6B057A20-7F0A-48FC-B14E-E90CAC6FC83A}.Debug|x86.Build.0 = Debug|Any CPU
		{6B057A20-7F0A-48FC-B14E-E90CAC6FC83A}.Release|Any CPU.ActiveCfg = Release|Any CPU
		{6B057A20-7F0A-48FC-B14E-E90CAC6FC83A}.Release|Any CPU.Build.0 = Release|Any CPU
		{6B057A20-7F0A-48FC-B14E-E90CAC6FC83A}.Release|x64.ActiveCfg = Release|Any CPU
		{6B057A20-7F0A-48FC-B14E-E90CAC6FC83A}.Release|x64.Build.0 = Release|Any CPU
		{6B057A20-7F0A-48FC-B14E-E90CAC6FC83A}.Release|x86.ActiveCfg = Release|Any CPU
		{6B057A20-7F0A-48FC-B14E-E90CAC6FC83A}.Release|x86.Build.0 = Release|Any CPU
	EndGlobalSection
	GlobalSection(SolutionProperties) = preSolution
		HideSolutionNode = FALSE
	EndGlobalSection
	GlobalSection(ExtensibilityGlobals) = postSolution
		SolutionGuid = {2146AF81-5D44-41AB-80D7-408892ED5FEB}
	EndGlobalSection
EndGlobal
